
Microsoft Visual Studio Solution File, Format Version 12.00
# Visual Studio Version 17
VisualStudioVersion = 17.11.35327.3
MinimumVisualStudioVersion = 10.0.40219.1
Project("{FAE04EC0-301F-11D3-BF4B-00C04F79EFBC}") = "Poc Banco do brasil", "Poc Banco do brasil\Poc Banco do brasil.csproj", "{CE5629FB-A9F4-45C0-A90B-F1CD639A8445}"
EndProject
Global
	GlobalSection(SolutionConfigurationPlatforms) = preSolution
		Debug|Any CPU = Debug|Any CPU
		Release|Any CPU = Release|Any CPU
	EndGlobalSection
	GlobalSection(ProjectConfigurationPlatforms) = postSolution
		{CE5629FB-A9F4-45C0-A90B-F1CD639A8445}.Debug|Any CPU.ActiveCfg = Debug|Any CPU
		{CE5629FB-A9F4-45C0-A90B-F1CD639A8445}.Debug|Any CPU.Build.0 = Debug|Any CPU
		{CE5629FB-A9F4-45C0-A90B-F1CD639A8445}.Release|Any CPU.ActiveCfg = Release|Any CPU
		{CE5629FB-A9F4-45C0-A90B-F1CD639A8445}.Release|Any CPU.Build.0 = Release|Any CPU
	EndGlobalSection
	GlobalSection(SolutionProperties) = preSolution
		HideSolutionNode = FALSE
	EndGlobalSection
	GlobalSection(ExtensibilityGlobals) = postSolution
		SolutionGuid = {2CE0CBD9-133B-4BFE-AA6D-23AC3C4CA654}
	EndGlobalSection
EndGlobal
